
Microsoft Visual Studio Solution File, Format Version 12.00
# Visual Studio 15
VisualStudioVersion = 15.0.27130.2010
MinimumVisualStudioVersion = 10.0.40219.1
Project("{FAE04EC0-301F-11D3-BF4B-00C04F79EFBC}") = "Ledinpro", "Ledinpro\Ledinpro.csproj", "{BD5DCE8A-66E8-40D2-AEF4-530396E22DB8}"
EndProject
Global
	GlobalSection(SolutionConfigurationPlatforms) = preSolution
		Debug|Any CPU = Debug|Any CPU
		Release|Any CPU = Release|Any CPU
	EndGlobalSection
	GlobalSection(ProjectConfigurationPlatforms) = postSolution
		{BD5DCE8A-66E8-40D2-AEF4-530396E22DB8}.Debug|Any CPU.ActiveCfg = Debug|Any CPU
		{BD5DCE8A-66E8-40D2-AEF4-530396E22DB8}.Debug|Any CPU.Build.0 = Debug|Any CPU
		{BD5DCE8A-66E8-40D2-AEF4-530396E22DB8}.Release|Any CPU.ActiveCfg = Release|Any CPU
		{BD5DCE8A-66E8-40D2-AEF4-530396E22DB8}.Release|Any CPU.Build.0 = Release|Any CPU
	EndGlobalSection
	GlobalSection(SolutionProperties) = preSolution
		HideSolutionNode = FALSE
	EndGlobalSection
	GlobalSection(ExtensibilityGlobals) = postSolution
		SolutionGuid = {5C3AD020-FA41-4FD5-835F-4D4AD124AABC}
	EndGlobalSection
EndGlobal
